
Microsoft Visual Studio Solution File, Format Version 12.00
# Visual Studio Version 17
VisualStudioVersion = 17.11.35219.272
MinimumVisualStudioVersion = 10.0.40219.1
Project("{FAE04EC0-301F-11D3-BF4B-00C04F79EFBC}") = "LogiCast.API", "LogiCast.API\LogiCast.API.csproj", "{8B7D31C2-759D-4D71-BE3D-E340DDCCAF08}"
EndProject
Project("{FAE04EC0-301F-11D3-BF4B-00C04F79EFBC}") = "LogiCast.Domain", "LogiCast.Domain\LogiCast.Domain.csproj", "{AA8A4973-A66F-4BBD-A7A1-7F3EE795F738}"
EndProject
Project("{FAE04EC0-301F-11D3-BF4B-00C04F79EFBC}") = "LogiCast.Infrastructure", "LogiCast.Infrastructure\LogiCast.Infrastructure.csproj", "{545B5B1F-ED4B-4745-A894-0ACA2C3DAB74}"
EndProject
Global
	GlobalSection(SolutionConfigurationPlatforms) = preSolution
		Debug|Any CPU = Debug|Any CPU
		Release|Any CPU = Release|Any CPU
	EndGlobalSection
	GlobalSection(ProjectConfigurationPlatforms) = postSolution
		{8B7D31C2-759D-4D71-BE3D-E340DDCCAF08}.Debug|Any CPU.ActiveCfg = Debug|Any CPU
		{8B7D31C2-759D-4D71-BE3D-E340DDCCAF08}.Debug|Any CPU.Build.0 = Debug|Any CPU
		{8B7D31C2-759D-4D71-BE3D-E340DDCCAF08}.Release|Any CPU.ActiveCfg = Release|Any CPU
		{8B7D31C2-759D-4D71-BE3D-E340DDCCAF08}.Release|Any CPU.Build.0 = Release|Any CPU
		{AA8A4973-A66F-4BBD-A7A1-7F3EE795F738}.Debug|Any CPU.ActiveCfg = Debug|Any CPU
		{AA8A4973-A66F-4BBD-A7A1-7F3EE795F738}.Debug|Any CPU.Build.0 = Debug|Any CPU
		{AA8A4973-A66F-4BBD-A7A1-7F3EE795F738}.Release|Any CPU.ActiveCfg = Release|Any CPU
		{AA8A4973-A66F-4BBD-A7A1-7F3EE795F738}.Release|Any CPU.Build.0 = Release|Any CPU
		{545B5B1F-ED4B-4745-A894-0ACA2C3DAB74}.Debug|Any CPU.ActiveCfg = Debug|Any CPU
		{545B5B1F-ED4B-4745-A894-0ACA2C3DAB74}.Debug|Any CPU.Build.0 = Debug|Any CPU
		{545B5B1F-ED4B-4745-A894-0ACA2C3DAB74}.Release|Any CPU.ActiveCfg = Release|Any CPU
		{545B5B1F-ED4B-4745-A894-0ACA2C3DAB74}.Release|Any CPU.Build.0 = Release|Any CPU
	EndGlobalSection
	GlobalSection(SolutionProperties) = preSolution
		HideSolutionNode = FALSE
	EndGlobalSection
	GlobalSection(ExtensibilityGlobals) = postSolution
		SolutionGuid = {1DED4C76-2837-4BBD-A132-8612E57E7CCE}
	EndGlobalSection
EndGlobal
